version = 1
revision = 2
requires-python = ">=3.12"

[[package]]
name = "certifi"
version = "2025.7.9"
source = { registry = "https://pypi.org/simple" }
sdist = { url = "https://files.pythonhosted.org/packages/de/8a/c729b6b60c66a38f590c4e774decc4b2ec7b0576be8f1aa984a53ffa812a/certifi-2025.7.9.tar.gz", hash = "sha256:c1d2ec05395148ee10cf672ffc28cd37ea0ab0d99f9cc74c43e588cbd111b079", size = 160386, upload-time = "2025-07-09T02:13:58.874Z" }
wheels = [
    { url = "https://files.pythonhosted.org/packages/66/f3/80a3f974c8b535d394ff960a11ac20368e06b736da395b551a49ce950cce/certifi-2025.7.9-py3-none-any.whl", hash = "sha256:d842783a14f8fdd646895ac26f719a061408834473cfc10203f6a575beb15d39", size = 159230, upload-time = "2025-07-09T02:13:57.007Z" },
]

[[package]]
name = "elastic-transport"
version = "8.17.1"
source = { registry = "https://pypi.org/simple" }
dependencies = [
    { name = "certifi" },
    { name = "urllib3" },
]
sdist = { url = "https://files.pythonhosted.org/packages/6a/54/d498a766ac8fa475f931da85a154666cc81a70f8eb4a780bc8e4e934e9ac/elastic_transport-8.17.1.tar.gz", hash = "sha256:5edef32ac864dca8e2f0a613ef63491ee8d6b8cfb52881fa7313ba9290cac6d2", size = 73425, upload-time = "2025-03-13T07:28:30.776Z" }
wheels = [
    { url = "https://files.pythonhosted.org/packages/cf/cd/b71d5bc74cde7fc6fd9b2ff9389890f45d9762cbbbf81dc5e51fd7588c4a/elastic_transport-8.17.1-py3-none-any.whl", hash = "sha256:192718f498f1d10c5e9aa8b9cf32aed405e469a7f0e9d6a8923431dbb2c59fb8", size = 64969, upload-time = "2025-03-13T07:28:29.031Z" },
]

[[package]]
name = "elasticsearch"
version = "9.0.2"
source = { registry = "https://pypi.org/simple" }
dependencies = [
    { name = "elastic-transport" },
    { name = "python-dateutil" },
    { name = "typing-extensions" },
]
sdist = { url = "https://files.pythonhosted.org/packages/7f/63/a296828c46fd162a95ed1c560a3fdcea6a68a3b7c45d2aa60594f33eaf1b/elasticsearch-9.0.2.tar.gz", hash = "sha256:290e790153500d9f3cb66d74918ac70e9f96b5cd88147213859edca6ab5013f5", size = 829474, upload-time = "2025-06-05T11:55:05.998Z" }
wheels = [
    { url = "https://files.pythonhosted.org/packages/3e/81/eadbbc38011dd3380dac72a142b175b4a174fa671c584ec38701995b1991/elasticsearch-9.0.2-py3-none-any.whl", hash = "sha256:47cac1f0e5e7be8d8c6751a5d7818d416adfc11eac72f1b59e145930a87de880", size = 914307, upload-time = "2025-06-05T11:40:22.194Z" },
]

[[package]]
name = "p1"
version = "0.1.0"
source = { virtual = "." }
dependencies = [
    { name = "elasticsearch" },
]

[package.metadata]
requires-dist = [{ name = "elasticsearch", specifier = ">=9.0.2" }]

[[package]]
name = "python-dateutil"
version = "2.9.0.post0"
source = { registry = "https://pypi.org/simple" }
dependencies = [
    { name = "six" },
]
sdist = { url = "https://files.pythonhosted.org/packages/66/c0/0c8b6ad9f17a802ee498c46e004a0eb49bc148f2fd230864601a86dcf6db/python-dateutil-2.9.0.post0.tar.gz", hash = "sha256:37dd54208da7e1cd875388217d5e00ebd4179249f90fb72437e91a35459a0ad3", size = 342432, upload-time = "2024-03-01T18:36:20.211Z" }
wheels = [
    { url = "https://files.pythonhosted.org/packages/ec/57/56b9bcc3c9c6a792fcbaf139543cee77261f3651ca9da0c93f5c1221264b/python_dateutil-2.9.0.post0-py2.py3-none-any.whl", hash = "sha256:a8b2bc7bffae282281c8140a97d3aa9c14da0b136dfe83f850eea9a5f7470427", size = 229892, upload-time = "2024-03-01T18:36:18.57Z" },
]

[[package]]
name = "six"
version = "1.17.0"
source = { registry = "https://pypi.org/simple" }
sdist = { url = "https://files.pythonhosted.org/packages/94/e7/b2c673351809dca68a0e064b6af791aa332cf192da575fd474ed7d6f16a2/six-1.17.0.tar.gz", hash = "sha256:ff70335d468e7eb6ec65b95b99d3a2836546063f63acc5171de367e834932a81", size = 34031, upload-time = "2024-12-04T17:35:28.174Z" }
wheels = [
    { url = "https://files.pythonhosted.org/packages/b7/ce/149a00dd41f10bc29e5921b496af8b574d8413afcd5e30dfa0ed46c2cc5e/six-1.17.0-py2.py3-none-any.whl", hash = "sha256:4721f391ed90541fddacab5acf947aa0d3dc7d27b2e1e8eda2be8970586c3274", size = 11050, upload-time = "2024-12-04T17:35:26.475Z" },
]

[[package]]
name = "typing-extensions"
version = "4.14.1"
source = { registry = "https://pypi.org/simple" }
sdist = { url = "https://files.pythonhosted.org/packages/98/5a/da40306b885cc8c09109dc2e1abd358d5684b1425678151cdaed4731c822/typing_extensions-4.14.1.tar.gz", hash = "sha256:38b39f4aeeab64884ce9f74c94263ef78f3c22467c8724005483154c26648d36", size = 107673, upload-time = "2025-07-04T13:28:34.16Z" }
wheels = [
    { url = "https://files.pythonhosted.org/packages/b5/00/d631e67a838026495268c2f6884f3711a15a9a2a96cd244fdaea53b823fb/typing_extensions-4.14.1-py3-none-any.whl", hash = "sha256:d1e1e3b58374dc93031d6eda2420a48ea44a36c2b4766a4fdeb3710755731d76", size = 43906, upload-time = "2025-07-04T13:28:32.743Z" },
]

[[package]]
name = "urllib3"
version = "2.5.0"
source = { registry = "https://pypi.org/simple" }
sdist = { url = "https://files.pythonhosted.org/packages/15/22/9ee70a2574a4f4599c47dd506532914ce044817c7752a79b6a51286319bc/urllib3-2.5.0.tar.gz", hash = "sha256:3fc47733c7e419d4bc3f6b3dc2b4f890bb743906a30d56ba4a5bfa4bbff92760", size = 393185, upload-time = "2025-06-18T14:07:41.644Z" }
wheels = [
    { url = "https://files.pythonhosted.org/packages/a7/c2/fe1e52489ae3122415c51f387e221dd0773709bad6c6cdaa599e8a2c5185/urllib3-2.5.0-py3-none-any.whl", hash = "sha256:e6b01673c0fa6a13e374b50871808eb3bf7046c4b125b216f6bf1cc604cff0dc", size = 129795, upload-time = "2025-06-18T14:07:40.39Z" },
]
